<Solution>
  <Folder Name="/src/" />
  <Folder Name="/src/AI/">
    <Project Path="src/AI/OrderTracking.AI.csproj" />
  </Folder>
  <Folder Name="/src/Api/">
    <Project Path="src/Api/OrderTracking.Api.csproj" />
  </Folder>
  <Folder Name="/src/Domain/">
    <Project Path="src/Domain/OrderTracking.Domain.csproj" />
  </Folder>
  <Folder Name="/src/Infrastructure/">
    <Project Path="src/Infrastructure/OrderTracking.Infrastructure.csproj" />
  </Folder>
  <Folder Name="/src/Worker/">
    <Project Path="src/Worker/OrderTracking.Worker.csproj" />
  </Folder>
  <Folder Name="/tests/">
    <Project Path="tests/OrderTracking.UnitTests/OrderTracking.UnitTests.csproj" />
  </Folder>
</Solution>
